{
  "version": 4,
  "terraform_version": "1.3.9",
  "serial": 10,
  "lineage": "f84c6db0-f0c9-da82-d035-9032668b768f",
  "outputs": {},
  "resources": [
    {
      "mode": "managed",
      "type": "azurerm_resource_group",
      "name": "rg1",
      "provider": "provider[\"registry.terraform.io/hashicorp/azurerm\"]",
      "instances": [
        {
          "schema_version": 0,
          "attributes": {
            "id": "/subscriptions/6d3a0d92-4a9c-4e4f-8ba1-5c9ea851467b/resourceGroups/rg001",
            "location": "eastus",
            "name": "rg001",
            "tags": {
              "Batch": "B32",
              "Env": "Development"
            },
            "timeouts": null
          },
          "sensitive_attributes": [],
          "private": "eyJlMmJmYjczMC1lY2FhLTExZTYtOGY4OC0zNDM2M2JjN2M0YzAiOnsiY3JlYXRlIjo1NDAwMDAwMDAwMDAwLCJkZWxldGUiOjU0MDAwMDAwMDAwMDAsInJlYWQiOjMwMDAwMDAwMDAwMCwidXBkYXRlIjo1NDAwMDAwMDAwMDAwfX0="
        }
      ]
    },
    {
      "mode": "managed",
      "type": "azurerm_storage_account",
      "name": "devopstrainingtfbackend",
      "provider": "provider[\"registry.terraform.io/hashicorp/azurerm\"]",
      "instances": [
        {
          "schema_version": 3,
          "attributes": {
            "access_tier": "Hot",
            "account_kind": "StorageV2",
            "account_replication_type": "LRS",
            "account_tier": "Standard",
            "allow_nested_items_to_be_public": true,
            "allowed_copy_scope": "",
            "azure_files_authentication": [],
            "blob_properties": [
              {
                "change_feed_enabled": false,
                "change_feed_retention_in_days": 0,
                "container_delete_retention_policy": [],
                "cors_rule": [],
                "default_service_version": "",
                "delete_retention_policy": [],
                "last_access_time_enabled": false,
                "restore_policy": [],
                "versioning_enabled": false
              }
            ],
            "cross_tenant_replication_enabled": true,
            "custom_domain": [],
            "customer_managed_key": [],
            "default_to_oauth_authentication": false,
            "edge_zone": "",
            "enable_https_traffic_only": true,
            "id": "/subscriptions/6d3a0d92-4a9c-4e4f-8ba1-5c9ea851467b/resourceGroups/rg001/providers/Microsoft.Storage/storageAccounts/devopstrainingtfbackend",
            "identity": [],
            "immutability_policy": [],
            "infrastructure_encryption_enabled": false,
            "is_hns_enabled": false,
            "large_file_share_enabled": null,
            "location": "eastus",
            "min_tls_version": "TLS1_2",
            "name": "devopstrainingtfbackend",
            "network_rules": [
              {
                "bypass": [
                  "AzureServices"
                ],
                "default_action": "Allow",
                "ip_rules": [],
                "private_link_access": [],
                "virtual_network_subnet_ids": []
              }
            ],
            "nfsv3_enabled": false,
            "primary_access_key": "QKxYmYbHdf/YucEE/lIc7EQiSQH0eK6D/MQYI0z4Mifj2D60duBDTlzZWMZlmFuuSEw25rlwjah2+AStm1OjOg==",
            "primary_blob_connection_string": "DefaultEndpointsProtocol=https;BlobEndpoint=https://devopstrainingtfbackend.blob.core.windows.net/;AccountName=devopstrainingtfbackend;AccountKey=QKxYmYbHdf/YucEE/lIc7EQiSQH0eK6D/MQYI0z4Mifj2D60duBDTlzZWMZlmFuuSEw25rlwjah2+AStm1OjOg==",
            "primary_blob_endpoint": "https://devopstrainingtfbackend.blob.core.windows.net/",
            "primary_blob_host": "devopstrainingtfbackend.blob.core.windows.net",
            "primary_connection_string": "DefaultEndpointsProtocol=https;AccountName=devopstrainingtfbackend;AccountKey=QKxYmYbHdf/YucEE/lIc7EQiSQH0eK6D/MQYI0z4Mifj2D60duBDTlzZWMZlmFuuSEw25rlwjah2+AStm1OjOg==;EndpointSuffix=core.windows.net",
            "primary_dfs_endpoint": "https://devopstrainingtfbackend.dfs.core.windows.net/",
            "primary_dfs_host": "devopstrainingtfbackend.dfs.core.windows.net",
            "primary_file_endpoint": "https://devopstrainingtfbackend.file.core.windows.net/",
            "primary_file_host": "devopstrainingtfbackend.file.core.windows.net",
            "primary_location": "eastus",
            "primary_queue_endpoint": "https://devopstrainingtfbackend.queue.core.windows.net/",
            "primary_queue_host": "devopstrainingtfbackend.queue.core.windows.net",
            "primary_table_endpoint": "https://devopstrainingtfbackend.table.core.windows.net/",
            "primary_table_host": "devopstrainingtfbackend.table.core.windows.net",
            "primary_web_endpoint": "https://devopstrainingtfbackend.z13.web.core.windows.net/",
            "primary_web_host": "devopstrainingtfbackend.z13.web.core.windows.net",
            "public_network_access_enabled": true,
            "queue_encryption_key_type": "Service",
            "queue_properties": [
              {
                "cors_rule": [],
                "hour_metrics": [
                  {
                    "enabled": true,
                    "include_apis": true,
                    "retention_policy_days": 7,
                    "version": "1.0"
                  }
                ],
                "logging": [
                  {
                    "delete": false,
                    "read": false,
                    "retention_policy_days": 0,
                    "version": "1.0",
                    "write": false
                  }
                ],
                "minute_metrics": [
                  {
                    "enabled": false,
                    "include_apis": false,
                    "retention_policy_days": 0,
                    "version": "1.0"
                  }
                ]
              }
            ],
            "resource_group_name": "rg001",
            "routing": [],
            "sas_policy": [],
            "secondary_access_key": "M3XABXwrhsr74SGnNKBJYtRRSj5FchnDAToEJMdU0Boo0HkNf2YdvaS+BCDbCYr9F0aB93kFUdwn+AStTRb9Ew==",
            "secondary_blob_connection_string": "",
            "secondary_blob_endpoint": null,
            "secondary_blob_host": null,
            "secondary_connection_string": "DefaultEndpointsProtocol=https;AccountName=devopstrainingtfbackend;AccountKey=M3XABXwrhsr74SGnNKBJYtRRSj5FchnDAToEJMdU0Boo0HkNf2YdvaS+BCDbCYr9F0aB93kFUdwn+AStTRb9Ew==;EndpointSuffix=core.windows.net",
            "secondary_dfs_endpoint": null,
            "secondary_dfs_host": null,
            "secondary_file_endpoint": null,
            "secondary_file_host": null,
            "secondary_location": "",
            "secondary_queue_endpoint": null,
            "secondary_queue_host": null,
            "secondary_table_endpoint": null,
            "secondary_table_host": null,
            "secondary_web_endpoint": null,
            "secondary_web_host": null,
            "sftp_enabled": false,
            "share_properties": [
              {
                "cors_rule": [],
                "retention_policy": [
                  {
                    "days": 7
                  }
                ],
                "smb": []
              }
            ],
            "shared_access_key_enabled": true,
            "static_website": [],
            "table_encryption_key_type": "Service",
            "tags": {
              "environment": "Development"
            },
            "timeouts": null
          },
          "sensitive_attributes": [],
          "private": "eyJlMmJmYjczMC1lY2FhLTExZTYtOGY4OC0zNDM2M2JjN2M0YzAiOnsiY3JlYXRlIjozNjAwMDAwMDAwMDAwLCJkZWxldGUiOjM2MDAwMDAwMDAwMDAsInJlYWQiOjMwMDAwMDAwMDAwMCwidXBkYXRlIjozNjAwMDAwMDAwMDAwfSwic2NoZW1hX3ZlcnNpb24iOiIzIn0=",
          "dependencies": [
            "azurerm_resource_group.rg1"
          ]
        }
      ]
    },
    {
      "mode": "managed",
      "type": "azurerm_storage_container",
      "name": "tfstate",
      "provider": "provider[\"registry.terraform.io/hashicorp/azurerm\"]",
      "instances": [
        {
          "schema_version": 1,
          "attributes": {
            "container_access_type": "private",
            "has_immutability_policy": false,
            "has_legal_hold": false,
            "id": "https://devopstrainingtfbackend.blob.core.windows.net/tfstate",
            "metadata": {},
            "name": "tfstate",
            "resource_manager_id": "/subscriptions/6d3a0d92-4a9c-4e4f-8ba1-5c9ea851467b/resourceGroups/rg001/providers/Microsoft.Storage/storageAccounts/devopstrainingtfbackend/blobServices/default/containers/tfstate",
            "storage_account_name": "devopstrainingtfbackend",
            "timeouts": null
          },
          "sensitive_attributes": [],
          "private": "eyJlMmJmYjczMC1lY2FhLTExZTYtOGY4OC0zNDM2M2JjN2M0YzAiOnsiY3JlYXRlIjoxODAwMDAwMDAwMDAwLCJkZWxldGUiOjE4MDAwMDAwMDAwMDAsInJlYWQiOjMwMDAwMDAwMDAwMCwidXBkYXRlIjoxODAwMDAwMDAwMDAwfSwic2NoZW1hX3ZlcnNpb24iOiIxIn0="
        }
      ]
    }
  ],
  "check_results": null
}
